
Microsoft Visual Studio Solution File, Format Version 12.00
# Visual Studio Version 17
VisualStudioVersion = 17.11.35222.181
MinimumVisualStudioVersion = 10.0.40219.1
Project("{FAE04EC0-301F-11D3-BF4B-00C04F79EFBC}") = "ContactManagementSys", "ContactManagementSys.csproj", "{9A95F002-C5B8-448E-93CC-2BED03DA8D87}"
EndProject
Global
	GlobalSection(SolutionConfigurationPlatforms) = preSolution
		Debug|Any CPU = Debug|Any CPU
		Release|Any CPU = Release|Any CPU
	EndGlobalSection
	GlobalSection(ProjectConfigurationPlatforms) = postSolution
		{9A95F002-C5B8-448E-93CC-2BED03DA8D87}.Debug|Any CPU.ActiveCfg = Debug|Any CPU
		{9A95F002-C5B8-448E-93CC-2BED03DA8D87}.Debug|Any CPU.Build.0 = Debug|Any CPU
		{9A95F002-C5B8-448E-93CC-2BED03DA8D87}.Release|Any CPU.ActiveCfg = Release|Any CPU
		{9A95F002-C5B8-448E-93CC-2BED03DA8D87}.Release|Any CPU.Build.0 = Release|Any CPU
	EndGlobalSection
	GlobalSection(SolutionProperties) = preSolution
		HideSolutionNode = FALSE
	EndGlobalSection
	GlobalSection(ExtensibilityGlobals) = postSolution
		SolutionGuid = {BD3E6496-528F-4262-8E91-3F2AEEAA7426}
	EndGlobalSection
EndGlobal
